# Generated by buf. DO NOT EDIT.
version: v1
deps:
  - remote: buf.build
    owner: bufbuild
    repository: protovalidate
    commit: 63bb56e204954558946a641ef0d68910
    digest: shake256:1ccb2153a5ff5906729567f09f3e5bb6b6de356dc875eb4d12572097b9d6f9ab773b44d88e0a4c2052abca9ca60f3edfea71b1f51bfe5ea25b32a083e8e083b6
  - remote: buf.build
    owner: googleapis
    repository: googleapis
    commit: 546238c53f7340c6a2a6099fb863bc1b
    digest: shake256:8d75c12f391e392b24c076d05117b47aeddb090add99c70247a8f4389b906a65f61a933c68e54ed8b73a050b967b6b712ba194348b67c3ab3ee26cc2cb25852c
  - remote: buf.build
    owner: protocolbuffers
    repository: wellknowntypes
    commit: d4f14e5e0a9c40889c90d373c74e95eb
    digest: shake256:c9824714afd6cc432c2e1fafa20df47c87a8a0aca9e27192cd5732619453997af1721c2eac5c0fbbe7b29a741af5b8d7ba4ee89c85903e782d9c725d7b9436b5
  - remote: buf.build
    owner: qrkkk
    repository: openapiv3
    commit: 3e169d7b0f2849cf98c4c99e06d93b90
    digest: shake256:a8793bb07531b68343ef71bac451d3b9ca257a17d80ef9fe3c86ad83caee5f568e8ad6d1db568a418df64a96a9ff9c91202346d1e22f116a8cbbf87dd5be7c00
